
Microsoft Visual Studio Solution File, Format Version 12.00
# Visual Studio Version 16
VisualStudioVersion = 16.0.31515.178
MinimumVisualStudioVersion = 10.0.40219.1
Project("{FAE04EC0-301F-11D3-BF4B-00C04F79EFBC}") = "Aula66Curso", "Aula66Curso.csproj", "{E28FCCFB-CF6F-4EDA-AAF5-64719507BF75}"
EndProject
Global
	GlobalSection(SolutionConfigurationPlatforms) = preSolution
		Debug|Any CPU = Debug|Any CPU
		Release|Any CPU = Release|Any CPU
	EndGlobalSection
	GlobalSection(ProjectConfigurationPlatforms) = postSolution
		{E28FCCFB-CF6F-4EDA-AAF5-64719507BF75}.Debug|Any CPU.ActiveCfg = Debug|Any CPU
		{E28FCCFB-CF6F-4EDA-AAF5-64719507BF75}.Debug|Any CPU.Build.0 = Debug|Any CPU
		{E28FCCFB-CF6F-4EDA-AAF5-64719507BF75}.Release|Any CPU.ActiveCfg = Release|Any CPU
		{E28FCCFB-CF6F-4EDA-AAF5-64719507BF75}.Release|Any CPU.Build.0 = Release|Any CPU
	EndGlobalSection
	GlobalSection(SolutionProperties) = preSolution
		HideSolutionNode = FALSE
	EndGlobalSection
	GlobalSection(ExtensibilityGlobals) = postSolution
		SolutionGuid = {77019820-F5B2-4A37-B49C-027967984190}
	EndGlobalSection
EndGlobal
